// !$*UTF8*$!
{
	archiveVersion = 1;
	classes = {
	};
	objectVersion = 46;
	objects = {

/* Begin PBXBuildFile section */
		96224CF715CF314D002CF448 /* README.md in Resources */ = {isa = PBXBuildFile; fileRef = 96224CF615CF314C002CF448 /* README.md */; };
		9632F39915CE9E6700352306 /* UIKit.framework in Frameworks */ = {isa = PBXBuildFile; fileRef = 9632F39815CE9E6700352306 /* UIKit.framework */; };
		9632F39B15CE9E6700352306 /* Foundation.framework in Frameworks */ = {isa = PBXBuildFile; fileRef = 9632F39A15CE9E6700352306 /* Foundation.framework */; };
		9632F39D15CE9E6700352306 /* CoreGraphics.framework in Frameworks */ = {isa = PBXBuildFile; fileRef = 9632F39C15CE9E6700352306 /* CoreGraphics.framework */; };
		9632F3A315CE9E6700352306 /* InfoPlist.strings in Resources */ = {isa = PBXBuildFile; fileRef = 9632F3A115CE9E6700352306 /* InfoPlist.strings */; };
		9632F3A515CE9E6700352306 /* main.m in Sources */ = {isa = PBXBuildFile; fileRef = 9632F3A415CE9E6700352306 /* main.m */; };
		9632F3A915CE9E6700352306 /* AppDelegate.m in Sources */ = {isa = PBXBuildFile; fileRef = 9632F3A815CE9E6700352306 /* AppDelegate.m */; };
		9632F3B415CEA3EA00352306 /* TTableController.m in Sources */ = {isa = PBXBuildFile; fileRef = 9632F3B315CEA3EA00352306 /* TTableController.m */; };
		9632F3B715CEA49A00352306 /* SimpleTableController.m in Sources */ = {isa = PBXBuildFile; fileRef = 9632F3B615CEA49A00352306 /* SimpleTableController.m */; };
		96774E7115CEC14100F2BEEC /* TRow.m in Sources */ = {isa = PBXBuildFile; fileRef = 96774E7015CEC14100F2BEEC /* TRow.m */; };
		96774E7415CEC17000F2BEEC /* TTable.m in Sources */ = {isa = PBXBuildFile; fileRef = 96774E7315CEC17000F2BEEC /* TTable.m */; };
		96774E7715CEC19D00F2BEEC /* TSection.m in Sources */ = {isa = PBXBuildFile; fileRef = 96774E7615CEC19D00F2BEEC /* TSection.m */; };
		96E5DB6515CF25BB0008C7AD /* SimpleCell.m in Sources */ = {isa = PBXBuildFile; fileRef = 96E5DB6415CF25BA0008C7AD /* SimpleCell.m */; };
/* End PBXBuildFile section */

/* Begin PBXFileReference section */
		96224CF615CF314C002CF448 /* README.md */ = {isa = PBXFileReference; fileEncoding = 4; lastKnownFileType = text; path = README.md; sourceTree = "<group>"; };
		9632F39415CE9E6700352306 /* table-dsl.app */ = {isa = PBXFileReference; explicitFileType = wrapper.application; includeInIndex = 0; path = "table-dsl.app"; sourceTree = BUILT_PRODUCTS_DIR; };
		9632F39815CE9E6700352306 /* UIKit.framework */ = {isa = PBXFileReference; lastKnownFileType = wrapper.framework; name = UIKit.framework; path = System/Library/Frameworks/UIKit.framework; sourceTree = SDKROOT; };
		9632F39A15CE9E6700352306 /* Foundation.framework */ = {isa = PBXFileReference; lastKnownFileType = wrapper.framework; name = Foundation.framework; path = System/Library/Frameworks/Foundation.framework; sourceTree = SDKROOT; };
		9632F39C15CE9E6700352306 /* CoreGraphics.framework */ = {isa = PBXFileReference; lastKnownFileType = wrapper.framework; name = CoreGraphics.framework; path = System/Library/Frameworks/CoreGraphics.framework; sourceTree = SDKROOT; };
		9632F3A015CE9E6700352306 /* table-dsl-Info.plist */ = {isa = PBXFileReference; lastKnownFileType = text.plist.xml; path = "table-dsl-Info.plist"; sourceTree = "<group>"; };
		9632F3A215CE9E6700352306 /* en */ = {isa = PBXFileReference; lastKnownFileType = text.plist.strings; name = en; path = en.lproj/InfoPlist.strings; sourceTree = "<group>"; };
		9632F3A415CE9E6700352306 /* main.m */ = {isa = PBXFileReference; lastKnownFileType = sourcecode.c.objc; path = main.m; sourceTree = "<group>"; };
		9632F3A615CE9E6700352306 /* table-dsl-Prefix.pch */ = {isa = PBXFileReference; lastKnownFileType = sourcecode.c.h; path = "table-dsl-Prefix.pch"; sourceTree = "<group>"; };
		9632F3A715CE9E6700352306 /* AppDelegate.h */ = {isa = PBXFileReference; lastKnownFileType = sourcecode.c.h; path = AppDelegate.h; sourceTree = "<group>"; };
		9632F3A815CE9E6700352306 /* AppDelegate.m */ = {isa = PBXFileReference; lastKnownFileType = sourcecode.c.objc; path = AppDelegate.m; sourceTree = "<group>"; };
		9632F3B215CEA3EA00352306 /* TTableController.h */ = {isa = PBXFileReference; fileEncoding = 4; lastKnownFileType = sourcecode.c.h; path = TTableController.h; sourceTree = "<group>"; };
		9632F3B315CEA3EA00352306 /* TTableController.m */ = {isa = PBXFileReference; fileEncoding = 4; lastKnownFileType = sourcecode.c.objc; path = TTableController.m; sourceTree = "<group>"; };
		9632F3B515CEA49A00352306 /* SimpleTableController.h */ = {isa = PBXFileReference; fileEncoding = 4; lastKnownFileType = sourcecode.c.h; path = SimpleTableController.h; sourceTree = "<group>"; };
		9632F3B615CEA49A00352306 /* SimpleTableController.m */ = {isa = PBXFileReference; fileEncoding = 4; lastKnownFileType = sourcecode.c.objc; path = SimpleTableController.m; sourceTree = "<group>"; };
		96774E6F15CEC14100F2BEEC /* TRow.h */ = {isa = PBXFileReference; fileEncoding = 4; lastKnownFileType = sourcecode.c.h; path = TRow.h; sourceTree = "<group>"; };
		96774E7015CEC14100F2BEEC /* TRow.m */ = {isa = PBXFileReference; fileEncoding = 4; lastKnownFileType = sourcecode.c.objc; path = TRow.m; sourceTree = "<group>"; };
		96774E7215CEC17000F2BEEC /* TTable.h */ = {isa = PBXFileReference; fileEncoding = 4; lastKnownFileType = sourcecode.c.h; path = TTable.h; sourceTree = "<group>"; };
		96774E7315CEC17000F2BEEC /* TTable.m */ = {isa = PBXFileReference; fileEncoding = 4; lastKnownFileType = sourcecode.c.objc; path = TTable.m; sourceTree = "<group>"; };
		96774E7515CEC19D00F2BEEC /* TSection.h */ = {isa = PBXFileReference; fileEncoding = 4; lastKnownFileType = sourcecode.c.h; path = TSection.h; sourceTree = "<group>"; };
		96774E7615CEC19D00F2BEEC /* TSection.m */ = {isa = PBXFileReference; fileEncoding = 4; lastKnownFileType = sourcecode.c.objc; path = TSection.m; sourceTree = "<group>"; };
		96774E7815CEC21000F2BEEC /* TDSL.h */ = {isa = PBXFileReference; lastKnownFileType = sourcecode.c.h; path = TDSL.h; sourceTree = "<group>"; };
		96E5DB6315CF25BA0008C7AD /* SimpleCell.h */ = {isa = PBXFileReference; fileEncoding = 4; lastKnownFileType = sourcecode.c.h; path = SimpleCell.h; sourceTree = "<group>"; };
		96E5DB6415CF25BA0008C7AD /* SimpleCell.m */ = {isa = PBXFileReference; fileEncoding = 4; lastKnownFileType = sourcecode.c.objc; path = SimpleCell.m; sourceTree = "<group>"; };
/* End PBXFileReference section */

/* Begin PBXFrameworksBuildPhase section */
		9632F39115CE9E6700352306 /* Frameworks */ = {
			isa = PBXFrameworksBuildPhase;
			buildActionMask = 2147483647;
			files = (
				9632F39915CE9E6700352306 /* UIKit.framework in Frameworks */,
				9632F39B15CE9E6700352306 /* Foundation.framework in Frameworks */,
				9632F39D15CE9E6700352306 /* CoreGraphics.framework in Frameworks */,
			);
			runOnlyForDeploymentPostprocessing = 0;
		};
/* End PBXFrameworksBuildPhase section */

/* Begin PBXGroup section */
		9632F38915CE9E6700352306 = {
			isa = PBXGroup;
			children = (
				96224CF615CF314C002CF448 /* README.md */,
				9632F39E15CE9E6700352306 /* table-dsl */,
				9632F39715CE9E6700352306 /* Frameworks */,
				9632F39515CE9E6700352306 /* Products */,
			);
			sourceTree = "<group>";
		};
		9632F39515CE9E6700352306 /* Products */ = {
			isa = PBXGroup;
			children = (
				9632F39415CE9E6700352306 /* table-dsl.app */,
			);
			name = Products;
			sourceTree = "<group>";
		};
		9632F39715CE9E6700352306 /* Frameworks */ = {
			isa = PBXGroup;
			children = (
				9632F39815CE9E6700352306 /* UIKit.framework */,
				9632F39A15CE9E6700352306 /* Foundation.framework */,
				9632F39C15CE9E6700352306 /* CoreGraphics.framework */,
			);
			name = Frameworks;
			sourceTree = "<group>";
		};
		9632F39E15CE9E6700352306 /* table-dsl */ = {
			isa = PBXGroup;
			children = (
				96774E6E15CEC12C00F2BEEC /* T */,
				96774E7915CF16F000F2BEEC /* Usage */,
				9632F39F15CE9E6700352306 /* Supporting Files */,
			);
			path = "table-dsl";
			sourceTree = "<group>";
		};
		9632F39F15CE9E6700352306 /* Supporting Files */ = {
			isa = PBXGroup;
			children = (
				9632F3A015CE9E6700352306 /* table-dsl-Info.plist */,
				9632F3A115CE9E6700352306 /* InfoPlist.strings */,
				9632F3A415CE9E6700352306 /* main.m */,
				9632F3A715CE9E6700352306 /* AppDelegate.h */,
				9632F3A815CE9E6700352306 /* AppDelegate.m */,
				9632F3A615CE9E6700352306 /* table-dsl-Prefix.pch */,
			);
			name = "Supporting Files";
			sourceTree = "<group>";
		};
		96774E6E15CEC12C00F2BEEC /* T */ = {
			isa = PBXGroup;
			children = (
				96774E6F15CEC14100F2BEEC /* TRow.h */,
				96774E7015CEC14100F2BEEC /* TRow.m */,
				96774E7215CEC17000F2BEEC /* TTable.h */,
				96774E7315CEC17000F2BEEC /* TTable.m */,
				96774E7515CEC19D00F2BEEC /* TSection.h */,
				96774E7615CEC19D00F2BEEC /* TSection.m */,
				9632F3B215CEA3EA00352306 /* TTableController.h */,
				9632F3B315CEA3EA00352306 /* TTableController.m */,
				96774E7815CEC21000F2BEEC /* TDSL.h */,
			);
			name = T;
			sourceTree = "<group>";
		};
		96774E7915CF16F000F2BEEC /* Usage */ = {
			isa = PBXGroup;
			children = (
				9632F3B515CEA49A00352306 /* SimpleTableController.h */,
				9632F3B615CEA49A00352306 /* SimpleTableController.m */,
				96E5DB6315CF25BA0008C7AD /* SimpleCell.h */,
				96E5DB6415CF25BA0008C7AD /* SimpleCell.m */,
			);
			name = Usage;
			sourceTree = "<group>";
		};
/* End PBXGroup section */

/* Begin PBXNativeTarget section */
		9632F39315CE9E6700352306 /* table-dsl */ = {
			isa = PBXNativeTarget;
			buildConfigurationList = 9632F3AC15CE9E6700352306 /* Build configuration list for PBXNativeTarget "table-dsl" */;
			buildPhases = (
				9632F39015CE9E6700352306 /* Sources */,
				9632F39115CE9E6700352306 /* Frameworks */,
				9632F39215CE9E6700352306 /* Resources */,
			);
			buildRules = (
			);
			dependencies = (
			);
			name = "table-dsl";
			productName = "table-dsl";
			productReference = 9632F39415CE9E6700352306 /* table-dsl.app */;
			productType = "com.apple.product-type.application";
		};
/* End PBXNativeTarget section */

/* Begin PBXProject section */
		9632F38B15CE9E6700352306 /* Project object */ = {
			isa = PBXProject;
			attributes = {
				LastUpgradeCheck = 0440;
				ORGANIZATIONNAME = work;
			};
			buildConfigurationList = 9632F38E15CE9E6700352306 /* Build configuration list for PBXProject "table-dsl" */;
			compatibilityVersion = "Xcode 3.2";
			developmentRegion = English;
			hasScannedForEncodings = 0;
			knownRegions = (
				en,
			);
			mainGroup = 9632F38915CE9E6700352306;
			productRefGroup = 9632F39515CE9E6700352306 /* Products */;
			projectDirPath = "";
			projectRoot = "";
			targets = (
				9632F39315CE9E6700352306 /* table-dsl */,
			);
		};
/* End PBXProject section */

/* Begin PBXResourcesBuildPhase section */
		9632F39215CE9E6700352306 /* Resources */ = {
			isa = PBXResourcesBuildPhase;
			buildActionMask = 2147483647;
			files = (
				9632F3A315CE9E6700352306 /* InfoPlist.strings in Resources */,
				96224CF715CF314D002CF448 /* README.md in Resources */,
			);
			runOnlyForDeploymentPostprocessing = 0;
		};
/* End PBXResourcesBuildPhase section */

/* Begin PBXSourcesBuildPhase section */
		9632F39015CE9E6700352306 /* Sources */ = {
			isa = PBXSourcesBuildPhase;
			buildActionMask = 2147483647;
			files = (
				9632F3A515CE9E6700352306 /* main.m in Sources */,
				9632F3A915CE9E6700352306 /* AppDelegate.m in Sources */,
				9632F3B415CEA3EA00352306 /* TTableController.m in Sources */,
				9632F3B715CEA49A00352306 /* SimpleTableController.m in Sources */,
				96774E7115CEC14100F2BEEC /* TRow.m in Sources */,
				96774E7415CEC17000F2BEEC /* TTable.m in Sources */,
				96774E7715CEC19D00F2BEEC /* TSection.m in Sources */,
				96E5DB6515CF25BB0008C7AD /* SimpleCell.m in Sources */,
			);
			runOnlyForDeploymentPostprocessing = 0;
		};
/* End PBXSourcesBuildPhase section */

/* Begin PBXVariantGroup section */
		9632F3A115CE9E6700352306 /* InfoPlist.strings */ = {
			isa = PBXVariantGroup;
			children = (
				9632F3A215CE9E6700352306 /* en */,
			);
			name = InfoPlist.strings;
			sourceTree = "<group>";
		};
/* End PBXVariantGroup section */

/* Begin XCBuildConfiguration section */
		9632F3AA15CE9E6700352306 /* Debug */ = {
			isa = XCBuildConfiguration;
			buildSettings = {
				ALWAYS_SEARCH_USER_PATHS = NO;
				ARCHS = "$(ARCHS_STANDARD_32_BIT)";
				CLANG_CXX_LANGUAGE_STANDARD = "gnu++0x";
				CLANG_WARN__DUPLICATE_METHOD_MATCH = YES;
				"CODE_SIGN_IDENTITY[sdk=iphoneos*]" = "iPhone Developer";
				COPY_PHASE_STRIP = NO;
				GCC_C_LANGUAGE_STANDARD = gnu99;
				GCC_DYNAMIC_NO_PIC = NO;
				GCC_OPTIMIZATION_LEVEL = 0;
				GCC_PREPROCESSOR_DEFINITIONS = (
					"DEBUG=1",
					"$(inherited)",
				);
				GCC_SYMBOLS_PRIVATE_EXTERN = NO;
				GCC_VERSION = com.apple.compilers.llvm.clang.1_0;
				GCC_WARN_ABOUT_RETURN_TYPE = YES;
				GCC_WARN_UNINITIALIZED_AUTOS = YES;
				GCC_WARN_UNUSED_VARIABLE = YES;
				IPHONEOS_DEPLOYMENT_TARGET = 5.1;
				SDKROOT = iphoneos;
			};
			name = Debug;
		};
		9632F3AB15CE9E6700352306 /* Release */ = {
			isa = XCBuildConfiguration;
			buildSettings = {
				ALWAYS_SEARCH_USER_PATHS = NO;
				ARCHS = "$(ARCHS_STANDARD_32_BIT)";
				CLANG_CXX_LANGUAGE_STANDARD = "gnu++0x";
				CLANG_WARN__DUPLICATE_METHOD_MATCH = YES;
				"CODE_SIGN_IDENTITY[sdk=iphoneos*]" = "iPhone Developer";
				COPY_PHASE_STRIP = YES;
				GCC_C_LANGUAGE_STANDARD = gnu99;
				GCC_VERSION = com.apple.compilers.llvm.clang.1_0;
				GCC_WARN_ABOUT_RETURN_TYPE = YES;
				GCC_WARN_UNINITIALIZED_AUTOS = YES;
				GCC_WARN_UNUSED_VARIABLE = YES;
				IPHONEOS_DEPLOYMENT_TARGET = 5.1;
				OTHER_CFLAGS = "-DNS_BLOCK_ASSERTIONS=1";
				SDKROOT = iphoneos;
				VALIDATE_PRODUCT = YES;
			};
			name = Release;
		};
		9632F3AD15CE9E6700352306 /* Debug */ = {
			isa = XCBuildConfiguration;
			buildSettings = {
				GCC_PRECOMPILE_PREFIX_HEADER = YES;
				GCC_PREFIX_HEADER = "table-dsl/table-dsl-Prefix.pch";
				INFOPLIST_FILE = "table-dsl/table-dsl-Info.plist";
				PRODUCT_NAME = "$(TARGET_NAME)";
				WRAPPER_EXTENSION = app;
			};
			name = Debug;
		};
		9632F3AE15CE9E6700352306 /* Release */ = {
			isa = XCBuildConfiguration;
			buildSettings = {
				GCC_PRECOMPILE_PREFIX_HEADER = YES;
				GCC_PREFIX_HEADER = "table-dsl/table-dsl-Prefix.pch";
				INFOPLIST_FILE = "table-dsl/table-dsl-Info.plist";
				PRODUCT_NAME = "$(TARGET_NAME)";
				WRAPPER_EXTENSION = app;
			};
			name = Release;
		};
/* End XCBuildConfiguration section */

/* Begin XCConfigurationList section */
		9632F38E15CE9E6700352306 /* Build configuration list for PBXProject "table-dsl" */ = {
			isa = XCConfigurationList;
			buildConfigurations = (
				9632F3AA15CE9E6700352306 /* Debug */,
				9632F3AB15CE9E6700352306 /* Release */,
			);
			defaultConfigurationIsVisible = 0;
			defaultConfigurationName = Release;
		};
		9632F3AC15CE9E6700352306 /* Build configuration list for PBXNativeTarget "table-dsl" */ = {
			isa = XCConfigurationList;
			buildConfigurations = (
				9632F3AD15CE9E6700352306 /* Debug */,
				9632F3AE15CE9E6700352306 /* Release */,
			);
			defaultConfigurationIsVisible = 0;
			defaultConfigurationName = Release;
		};
/* End XCConfigurationList section */
	};
	rootObject = 9632F38B15CE9E6700352306 /* Project object */;
}
